// !$*UTF8*$!
{
	archiveVersion = 1;
	classes = {
	};
	objectVersion = 56;
	objects = {

/* Begin PBXBuildFile section */
		BBD29ADC2A9DE76300A69136 /* AppDelegate.swift in Sources */ = {isa = PBXBuildFile; fileRef = BBD29ADB2A9DE76300A69136 /* AppDelegate.swift */; };
		BBD29ADE2A9DE76300A69136 /* SceneDelegate.swift in Sources */ = {isa = PBXBuildFile; fileRef = BBD29ADD2A9DE76300A69136 /* SceneDelegate.swift */; };
		BBD29AE02A9DE76300A69136 /* ViewController.swift in Sources */ = {isa = PBXBuildFile; fileRef = BBD29ADF2A9DE76300A69136 /* ViewController.swift */; };
		BBD29AE32A9DE76300A69136 /* Main.storyboard in Resources */ = {isa = PBXBuildFile; fileRef = BBD29AE12A9DE76300A69136 /* Main.storyboard */; };
		BBD29AE52A9DE76500A69136 /* Assets.xcassets in Resources */ = {isa = PBXBuildFile; fileRef = BBD29AE42A9DE76500A69136 /* Assets.xcassets */; };
		BBD29AE82A9DE76500A69136 /* LaunchScreen.storyboard in Resources */ = {isa = PBXBuildFile; fileRef = BBD29AE62A9DE76500A69136 /* LaunchScreen.storyboard */; };
		BBD29AF02A9DE78100A69136 /* RakugakiViewController.swift in Sources */ = {isa = PBXBuildFile; fileRef = BBD29AEF2A9DE78100A69136 /* RakugakiViewController.swift */; };
		BBD29AF42A9DEB0400A69136 /* RakugakiViewController.storyboard in Resources */ = {isa = PBXBuildFile; fileRef = BBD29AF32A9DEB0400A69136 /* RakugakiViewController.storyboard */; };
/* End PBXBuildFile section */

/* Begin PBXFileReference section */
		BBD29AD82A9DE76300A69136 /* TempRakugaki.app */ = {isa = PBXFileReference; explicitFileType = wrapper.application; includeInIndex = 0; path = TempRakugaki.app; sourceTree = BUILT_PRODUCTS_DIR; };
		BBD29ADB2A9DE76300A69136 /* AppDelegate.swift */ = {isa = PBXFileReference; lastKnownFileType = sourcecode.swift; path = AppDelegate.swift; sourceTree = "<group>"; };
		BBD29ADD2A9DE76300A69136 /* SceneDelegate.swift */ = {isa = PBXFileReference; lastKnownFileType = sourcecode.swift; path = SceneDelegate.swift; sourceTree = "<group>"; };
		BBD29ADF2A9DE76300A69136 /* ViewController.swift */ = {isa = PBXFileReference; lastKnownFileType = sourcecode.swift; path = ViewController.swift; sourceTree = "<group>"; };
		BBD29AE22A9DE76300A69136 /* Base */ = {isa = PBXFileReference; lastKnownFileType = file.storyboard; name = Base; path = Base.lproj/Main.storyboard; sourceTree = "<group>"; };
		BBD29AE42A9DE76500A69136 /* Assets.xcassets */ = {isa = PBXFileReference; lastKnownFileType = folder.assetcatalog; path = Assets.xcassets; sourceTree = "<group>"; };
		BBD29AE72A9DE76500A69136 /* Base */ = {isa = PBXFileReference; lastKnownFileType = file.storyboard; name = Base; path = Base.lproj/LaunchScreen.storyboard; sourceTree = "<group>"; };
		BBD29AE92A9DE76500A69136 /* Info.plist */ = {isa = PBXFileReference; lastKnownFileType = text.plist.xml; path = Info.plist; sourceTree = "<group>"; };
		BBD29AEF2A9DE78100A69136 /* RakugakiViewController.swift */ = {isa = PBXFileReference; lastKnownFileType = sourcecode.swift; path = RakugakiViewController.swift; sourceTree = "<group>"; };
		BBD29AF32A9DEB0400A69136 /* RakugakiViewController.storyboard */ = {isa = PBXFileReference; lastKnownFileType = file.storyboard; path = RakugakiViewController.storyboard; sourceTree = "<group>"; };
/* End PBXFileReference section */

/* Begin PBXFrameworksBuildPhase section */
		BBD29AD52A9DE76300A69136 /* Frameworks */ = {
			isa = PBXFrameworksBuildPhase;
			buildActionMask = 2147483647;
			files = (
			);
			runOnlyForDeploymentPostprocessing = 0;
		};
/* End PBXFrameworksBuildPhase section */

/* Begin PBXGroup section */
		BBD29ACF2A9DE76300A69136 = {
			isa = PBXGroup;
			children = (
				BBD29ADA2A9DE76300A69136 /* TempRakugaki */,
				BBD29AD92A9DE76300A69136 /* Products */,
			);
			sourceTree = "<group>";
		};
		BBD29AD92A9DE76300A69136 /* Products */ = {
			isa = PBXGroup;
			children = (
				BBD29AD82A9DE76300A69136 /* TempRakugaki.app */,
			);
			name = Products;
			sourceTree = "<group>";
		};
		BBD29ADA2A9DE76300A69136 /* TempRakugaki */ = {
			isa = PBXGroup;
			children = (
				BBD29AEF2A9DE78100A69136 /* RakugakiViewController.swift */,
				BBD29ADB2A9DE76300A69136 /* AppDelegate.swift */,
				BBD29ADD2A9DE76300A69136 /* SceneDelegate.swift */,
				BBD29ADF2A9DE76300A69136 /* ViewController.swift */,
				BBD29AE12A9DE76300A69136 /* Main.storyboard */,
				BBD29AE42A9DE76500A69136 /* Assets.xcassets */,
				BBD29AE62A9DE76500A69136 /* LaunchScreen.storyboard */,
				BBD29AE92A9DE76500A69136 /* Info.plist */,
				BBD29AF32A9DEB0400A69136 /* RakugakiViewController.storyboard */,
			);
			path = TempRakugaki;
			sourceTree = "<group>";
		};
/* End PBXGroup section */

/* Begin PBXNativeTarget section */
		BBD29AD72A9DE76300A69136 /* TempRakugaki */ = {
			isa = PBXNativeTarget;
			buildConfigurationList = BBD29AEC2A9DE76500A69136 /* Build configuration list for PBXNativeTarget "TempRakugaki" */;
			buildPhases = (
				BBD29AD42A9DE76300A69136 /* Sources */,
				BBD29AD52A9DE76300A69136 /* Frameworks */,
				BBD29AD62A9DE76300A69136 /* Resources */,
			);
			buildRules = (
			);
			dependencies = (
			);
			name = TempRakugaki;
			productName = TempRakugaki;
			productReference = BBD29AD82A9DE76300A69136 /* TempRakugaki.app */;
			productType = "com.apple.product-type.application";
		};
/* End PBXNativeTarget section */

/* Begin PBXProject section */
		BBD29AD02A9DE76300A69136 /* Project object */ = {
			isa = PBXProject;
			attributes = {
				BuildIndependentTargetsInParallel = 1;
				LastSwiftUpdateCheck = 1430;
				LastUpgradeCheck = 1430;
				TargetAttributes = {
					BBD29AD72A9DE76300A69136 = {
						CreatedOnToolsVersion = 14.3.1;
					};
				};
			};
			buildConfigurationList = BBD29AD32A9DE76300A69136 /* Build configuration list for PBXProject "TempRakugaki" */;
			compatibilityVersion = "Xcode 14.0";
			developmentRegion = en;
			hasScannedForEncodings = 0;
			knownRegions = (
				en,
				Base,
			);
			mainGroup = BBD29ACF2A9DE76300A69136;
			productRefGroup = BBD29AD92A9DE76300A69136 /* Products */;
			projectDirPath = "";
			projectRoot = "";
			targets = (
				BBD29AD72A9DE76300A69136 /* TempRakugaki */,
			);
		};
/* End PBXProject section */

/* Begin PBXResourcesBuildPhase section */
		BBD29AD62A9DE76300A69136 /* Resources */ = {
			isa = PBXResourcesBuildPhase;
			buildActionMask = 2147483647;
			files = (
				BBD29AE82A9DE76500A69136 /* LaunchScreen.storyboard in Resources */,
				BBD29AE52A9DE76500A69136 /* Assets.xcassets in Resources */,
				BBD29AF42A9DEB0400A69136 /* RakugakiViewController.storyboard in Resources */,
				BBD29AE32A9DE76300A69136 /* Main.storyboard in Resources */,
			);
			runOnlyForDeploymentPostprocessing = 0;
		};
/* End PBXResourcesBuildPhase section */

/* Begin PBXSourcesBuildPhase section */
		BBD29AD42A9DE76300A69136 /* Sources */ = {
			isa = PBXSourcesBuildPhase;
			buildActionMask = 2147483647;
			files = (
				BBD29AE02A9DE76300A69136 /* ViewController.swift in Sources */,
				BBD29AF02A9DE78100A69136 /* RakugakiViewController.swift in Sources */,
				BBD29ADC2A9DE76300A69136 /* AppDelegate.swift in Sources */,
				BBD29ADE2A9DE76300A69136 /* SceneDelegate.swift in Sources */,
			);
			runOnlyForDeploymentPostprocessing = 0;
		};
/* End PBXSourcesBuildPhase section */

/* Begin PBXVariantGroup section */
		BBD29AE12A9DE76300A69136 /* Main.storyboard */ = {
			isa = PBXVariantGroup;
			children = (
				BBD29AE22A9DE76300A69136 /* Base */,
			);
			name = Main.storyboard;
			sourceTree = "<group>";
		};
		BBD29AE62A9DE76500A69136 /* LaunchScreen.storyboard */ = {
			isa = PBXVariantGroup;
			children = (
				BBD29AE72A9DE76500A69136 /* Base */,
			);
			name = LaunchScreen.storyboard;
			sourceTree = "<group>";
		};
/* End PBXVariantGroup section */

/* Begin XCBuildConfiguration section */
		BBD29AEA2A9DE76500A69136 /* Debug */ = {
			isa = XCBuildConfiguration;
			buildSettings = {
				ALWAYS_SEARCH_USER_PATHS = NO;
				CLANG_ANALYZER_NONNULL = YES;
				CLANG_ANALYZER_NUMBER_OBJECT_CONVERSION = YES_AGGRESSIVE;
				CLANG_CXX_LANGUAGE_STANDARD = "gnu++20";
				CLANG_ENABLE_MODULES = YES;
				CLANG_ENABLE_OBJC_ARC = YES;
				CLANG_ENABLE_OBJC_WEAK = YES;
				CLANG_WARN_BLOCK_CAPTURE_AUTORELEASING = YES;
				CLANG_WARN_BOOL_CONVERSION = YES;
				CLANG_WARN_COMMA = YES;
				CLANG_WARN_CONSTANT_CONVERSION = YES;
				CLANG_WARN_DEPRECATED_OBJC_IMPLEMENTATIONS = YES;
				CLANG_WARN_DIRECT_OBJC_ISA_USAGE = YES_ERROR;
				CLANG_WARN_DOCUMENTATION_COMMENTS = YES;
				CLANG_WARN_EMPTY_BODY = YES;
				CLANG_WARN_ENUM_CONVERSION = YES;
				CLANG_WARN_INFINITE_RECURSION = YES;
				CLANG_WARN_INT_CONVERSION = YES;
				CLANG_WARN_NON_LITERAL_NULL_CONVERSION = YES;
				CLANG_WARN_OBJC_IMPLICIT_RETAIN_SELF = YES;
				CLANG_WARN_OBJC_LITERAL_CONVERSION = YES;
				CLANG_WARN_OBJC_ROOT_CLASS = YES_ERROR;
				CLANG_WARN_QUOTED_INCLUDE_IN_FRAMEWORK_HEADER = YES;
				CLANG_WARN_RANGE_LOOP_ANALYSIS = YES;
				CLANG_WARN_STRICT_PROTOTYPES = YES;
				CLANG_WARN_SUSPICIOUS_MOVE = YES;
				CLANG_WARN_UNGUARDED_AVAILABILITY = YES_AGGRESSIVE;
				CLANG_WARN_UNREACHABLE_CODE = YES;
				CLANG_WARN__DUPLICATE_METHOD_MATCH = YES;
				COPY_PHASE_STRIP = NO;
				DEBUG_INFORMATION_FORMAT = dwarf;
				ENABLE_STRICT_OBJC_MSGSEND = YES;
				ENABLE_TESTABILITY = YES;
				GCC_C_LANGUAGE_STANDARD = gnu11;
				GCC_DYNAMIC_NO_PIC = NO;
				GCC_NO_COMMON_BLOCKS = YES;
				GCC_OPTIMIZATION_LEVEL = 0;
				GCC_PREPROCESSOR_DEFINITIONS = (
					"DEBUG=1",
					"$(inherited)",
				);
				GCC_WARN_64_TO_32_BIT_CONVERSION = YES;
				GCC_WARN_ABOUT_RETURN_TYPE = YES_ERROR;
				GCC_WARN_UNDECLARED_SELECTOR = YES;
				GCC_WARN_UNINITIALIZED_AUTOS = YES_AGGRESSIVE;
				GCC_WARN_UNUSED_FUNCTION = YES;
				GCC_WARN_UNUSED_VARIABLE = YES;
				IPHONEOS_DEPLOYMENT_TARGET = 16.4;
				MTL_ENABLE_DEBUG_INFO = INCLUDE_SOURCE;
				MTL_FAST_MATH = YES;
				ONLY_ACTIVE_ARCH = YES;
				SDKROOT = iphoneos;
				SWIFT_ACTIVE_COMPILATION_CONDITIONS = DEBUG;
				SWIFT_OPTIMIZATION_LEVEL = "-Onone";
			};
			name = Debug;
		};
		BBD29AEB2A9DE76500A69136 /* Release */ = {
			isa = XCBuildConfiguration;
			buildSettings = {
				ALWAYS_SEARCH_USER_PATHS = NO;
				CLANG_ANALYZER_NONNULL = YES;
				CLANG_ANALYZER_NUMBER_OBJECT_CONVERSION = YES_AGGRESSIVE;
				CLANG_CXX_LANGUAGE_STANDARD = "gnu++20";
				CLANG_ENABLE_MODULES = YES;
				CLANG_ENABLE_OBJC_ARC = YES;
				CLANG_ENABLE_OBJC_WEAK = YES;
				CLANG_WARN_BLOCK_CAPTURE_AUTORELEASING = YES;
				CLANG_WARN_BOOL_CONVERSION = YES;
				CLANG_WARN_COMMA = YES;
				CLANG_WARN_CONSTANT_CONVERSION = YES;
				CLANG_WARN_DEPRECATED_OBJC_IMPLEMENTATIONS = YES;
				CLANG_WARN_DIRECT_OBJC_ISA_USAGE = YES_ERROR;
				CLANG_WARN_DOCUMENTATION_COMMENTS = YES;
				CLANG_WARN_EMPTY_BODY = YES;
				CLANG_WARN_ENUM_CONVERSION = YES;
				CLANG_WARN_INFINITE_RECURSION = YES;
				CLANG_WARN_INT_CONVERSION = YES;
				CLANG_WARN_NON_LITERAL_NULL_CONVERSION = YES;
				CLANG_WARN_OBJC_IMPLICIT_RETAIN_SELF = YES;
				CLANG_WARN_OBJC_LITERAL_CONVERSION = YES;
				CLANG_WARN_OBJC_ROOT_CLASS = YES_ERROR;
				CLANG_WARN_QUOTED_INCLUDE_IN_FRAMEWORK_HEADER = YES;
				CLANG_WARN_RANGE_LOOP_ANALYSIS = YES;
				CLANG_WARN_STRICT_PROTOTYPES = YES;
				CLANG_WARN_SUSPICIOUS_MOVE = YES;
				CLANG_WARN_UNGUARDED_AVAILABILITY = YES_AGGRESSIVE;
				CLANG_WARN_UNREACHABLE_CODE = YES;
				CLANG_WARN__DUPLICATE_METHOD_MATCH = YES;
				COPY_PHASE_STRIP = NO;
				DEBUG_INFORMATION_FORMAT = "dwarf-with-dsym";
				ENABLE_NS_ASSERTIONS = NO;
				ENABLE_STRICT_OBJC_MSGSEND = YES;
				GCC_C_LANGUAGE_STANDARD = gnu11;
				GCC_NO_COMMON_BLOCKS = YES;
				GCC_WARN_64_TO_32_BIT_CONVERSION = YES;
				GCC_WARN_ABOUT_RETURN_TYPE = YES_ERROR;
				GCC_WARN_UNDECLARED_SELECTOR = YES;
				GCC_WARN_UNINITIALIZED_AUTOS = YES_AGGRESSIVE;
				GCC_WARN_UNUSED_FUNCTION = YES;
				GCC_WARN_UNUSED_VARIABLE = YES;
				IPHONEOS_DEPLOYMENT_TARGET = 16.4;
				MTL_ENABLE_DEBUG_INFO = NO;
				MTL_FAST_MATH = YES;
				SDKROOT = iphoneos;
				SWIFT_COMPILATION_MODE = wholemodule;
				SWIFT_OPTIMIZATION_LEVEL = "-O";
				VALIDATE_PRODUCT = YES;
			};
			name = Release;
		};
		BBD29AED2A9DE76500A69136 /* Debug */ = {
			isa = XCBuildConfiguration;
			buildSettings = {
				ASSETCATALOG_COMPILER_APPICON_NAME = AppIcon;
				ASSETCATALOG_COMPILER_GLOBAL_ACCENT_COLOR_NAME = AccentColor;
				CODE_SIGN_STYLE = Automatic;
				CURRENT_PROJECT_VERSION = 1;
				DEVELOPMENT_TEAM = J8Q9RVDNSG;
				GENERATE_INFOPLIST_FILE = YES;
				INFOPLIST_FILE = TempRakugaki/Info.plist;
				INFOPLIST_KEY_UIApplicationSupportsIndirectInputEvents = YES;
				INFOPLIST_KEY_UILaunchStoryboardName = LaunchScreen;
				INFOPLIST_KEY_UIMainStoryboardFile = Main;
				INFOPLIST_KEY_UISupportedInterfaceOrientations_iPad = "UIInterfaceOrientationPortrait UIInterfaceOrientationPortraitUpsideDown UIInterfaceOrientationLandscapeLeft UIInterfaceOrientationLandscapeRight";
				INFOPLIST_KEY_UISupportedInterfaceOrientations_iPhone = "UIInterfaceOrientationPortrait UIInterfaceOrientationLandscapeLeft UIInterfaceOrientationLandscapeRight";
				LD_RUNPATH_SEARCH_PATHS = (
					"$(inherited)",
					"@executable_path/Frameworks",
				);
				MARKETING_VERSION = 1.0;
				PRODUCT_BUNDLE_IDENTIFIER = hoge.TempRakugaki;
				PRODUCT_NAME = "$(TARGET_NAME)";
				SWIFT_EMIT_LOC_STRINGS = YES;
				SWIFT_VERSION = 5.0;
				TARGETED_DEVICE_FAMILY = "1,2";
			};
			name = Debug;
		};
		BBD29AEE2A9DE76500A69136 /* Release */ = {
			isa = XCBuildConfiguration;
			buildSettings = {
				ASSETCATALOG_COMPILER_APPICON_NAME = AppIcon;
				ASSETCATALOG_COMPILER_GLOBAL_ACCENT_COLOR_NAME = AccentColor;
				CODE_SIGN_STYLE = Automatic;
				CURRENT_PROJECT_VERSION = 1;
				DEVELOPMENT_TEAM = J8Q9RVDNSG;
				GENERATE_INFOPLIST_FILE = YES;
				INFOPLIST_FILE = TempRakugaki/Info.plist;
				INFOPLIST_KEY_UIApplicationSupportsIndirectInputEvents = YES;
				INFOPLIST_KEY_UILaunchStoryboardName = LaunchScreen;
				INFOPLIST_KEY_UIMainStoryboardFile = Main;
				INFOPLIST_KEY_UISupportedInterfaceOrientations_iPad = "UIInterfaceOrientationPortrait UIInterfaceOrientationPortraitUpsideDown UIInterfaceOrientationLandscapeLeft UIInterfaceOrientationLandscapeRight";
				INFOPLIST_KEY_UISupportedInterfaceOrientations_iPhone = "UIInterfaceOrientationPortrait UIInterfaceOrientationLandscapeLeft UIInterfaceOrientationLandscapeRight";
				LD_RUNPATH_SEARCH_PATHS = (
					"$(inherited)",
					"@executable_path/Frameworks",
				);
				MARKETING_VERSION = 1.0;
				PRODUCT_BUNDLE_IDENTIFIER = hoge.TempRakugaki;
				PRODUCT_NAME = "$(TARGET_NAME)";
				SWIFT_EMIT_LOC_STRINGS = YES;
				SWIFT_VERSION = 5.0;
				TARGETED_DEVICE_FAMILY = "1,2";
			};
			name = Release;
		};
/* End XCBuildConfiguration section */

/* Begin XCConfigurationList section */
		BBD29AD32A9DE76300A69136 /* Build configuration list for PBXProject "TempRakugaki" */ = {
			isa = XCConfigurationList;
			buildConfigurations = (
				BBD29AEA2A9DE76500A69136 /* Debug */,
				BBD29AEB2A9DE76500A69136 /* Release */,
			);
			defaultConfigurationIsVisible = 0;
			defaultConfigurationName = Release;
		};
		BBD29AEC2A9DE76500A69136 /* Build configuration list for PBXNativeTarget "TempRakugaki" */ = {
			isa = XCConfigurationList;
			buildConfigurations = (
				BBD29AED2A9DE76500A69136 /* Debug */,
				BBD29AEE2A9DE76500A69136 /* Release */,
			);
			defaultConfigurationIsVisible = 0;
			defaultConfigurationName = Release;
		};
/* End XCConfigurationList section */
	};
	rootObject = BBD29AD02A9DE76300A69136 /* Project object */;
}
