// !$*UTF8*$!
{
	archiveVersion = 1;
	classes = {
	};
	objectVersion = 56;
	objects = {

/* Begin PBXBuildFile section */
		BB0A11DE29FFA321001E7C1F /* Temp.storyboard in Resources */ = {isa = PBXBuildFile; fileRef = BB0A11DD29FFA321001E7C1F /* Temp.storyboard */; };
		BB8BBB9729FFA1D4006E8458 /* AppDelegate.swift in Sources */ = {isa = PBXBuildFile; fileRef = BB8BBB9629FFA1D4006E8458 /* AppDelegate.swift */; };
		BB8BBB9929FFA1D4006E8458 /* SceneDelegate.swift in Sources */ = {isa = PBXBuildFile; fileRef = BB8BBB9829FFA1D4006E8458 /* SceneDelegate.swift */; };
		BB8BBB9B29FFA1D4006E8458 /* ViewController.swift in Sources */ = {isa = PBXBuildFile; fileRef = BB8BBB9A29FFA1D4006E8458 /* ViewController.swift */; };
		BB8BBB9E29FFA1D4006E8458 /* Main.storyboard in Resources */ = {isa = PBXBuildFile; fileRef = BB8BBB9C29FFA1D4006E8458 /* Main.storyboard */; };
		BB8BBBA029FFA1D6006E8458 /* Assets.xcassets in Resources */ = {isa = PBXBuildFile; fileRef = BB8BBB9F29FFA1D6006E8458 /* Assets.xcassets */; };
		BB8BBBA329FFA1D6006E8458 /* LaunchScreen.storyboard in Resources */ = {isa = PBXBuildFile; fileRef = BB8BBBA129FFA1D6006E8458 /* LaunchScreen.storyboard */; };
/* End PBXBuildFile section */

/* Begin PBXFileReference section */
		BB0A11DD29FFA321001E7C1F /* Temp.storyboard */ = {isa = PBXFileReference; fileEncoding = 4; lastKnownFileType = file.storyboard; path = Temp.storyboard; sourceTree = "<group>"; };
		BB8BBB9329FFA1D4006E8458 /* ResearchWindow.app */ = {isa = PBXFileReference; explicitFileType = wrapper.application; includeInIndex = 0; path = ResearchWindow.app; sourceTree = BUILT_PRODUCTS_DIR; };
		BB8BBB9629FFA1D4006E8458 /* AppDelegate.swift */ = {isa = PBXFileReference; lastKnownFileType = sourcecode.swift; path = AppDelegate.swift; sourceTree = "<group>"; };
		BB8BBB9829FFA1D4006E8458 /* SceneDelegate.swift */ = {isa = PBXFileReference; lastKnownFileType = sourcecode.swift; path = SceneDelegate.swift; sourceTree = "<group>"; };
		BB8BBB9A29FFA1D4006E8458 /* ViewController.swift */ = {isa = PBXFileReference; lastKnownFileType = sourcecode.swift; path = ViewController.swift; sourceTree = "<group>"; };
		BB8BBB9D29FFA1D4006E8458 /* Base */ = {isa = PBXFileReference; lastKnownFileType = file.storyboard; name = Base; path = Base.lproj/Main.storyboard; sourceTree = "<group>"; };
		BB8BBB9F29FFA1D6006E8458 /* Assets.xcassets */ = {isa = PBXFileReference; lastKnownFileType = folder.assetcatalog; path = Assets.xcassets; sourceTree = "<group>"; };
		BB8BBBA229FFA1D6006E8458 /* Base */ = {isa = PBXFileReference; lastKnownFileType = file.storyboard; name = Base; path = Base.lproj/LaunchScreen.storyboard; sourceTree = "<group>"; };
		BB8BBBA429FFA1D6006E8458 /* Info.plist */ = {isa = PBXFileReference; lastKnownFileType = text.plist.xml; path = Info.plist; sourceTree = "<group>"; };
/* End PBXFileReference section */

/* Begin PBXFrameworksBuildPhase section */
		BB8BBB9029FFA1D4006E8458 /* Frameworks */ = {
			isa = PBXFrameworksBuildPhase;
			buildActionMask = 2147483647;
			files = (
			);
			runOnlyForDeploymentPostprocessing = 0;
		};
/* End PBXFrameworksBuildPhase section */

/* Begin PBXGroup section */
		BB8BBB8A29FFA1D4006E8458 = {
			isa = PBXGroup;
			children = (
				BB8BBB9529FFA1D4006E8458 /* ResearchWindow */,
				BB8BBB9429FFA1D4006E8458 /* Products */,
			);
			sourceTree = "<group>";
		};
		BB8BBB9429FFA1D4006E8458 /* Products */ = {
			isa = PBXGroup;
			children = (
				BB8BBB9329FFA1D4006E8458 /* ResearchWindow.app */,
			);
			name = Products;
			sourceTree = "<group>";
		};
		BB8BBB9529FFA1D4006E8458 /* ResearchWindow */ = {
			isa = PBXGroup;
			children = (
				BB0A11DD29FFA321001E7C1F /* Temp.storyboard */,
				BB8BBB9629FFA1D4006E8458 /* AppDelegate.swift */,
				BB8BBB9829FFA1D4006E8458 /* SceneDelegate.swift */,
				BB8BBB9A29FFA1D4006E8458 /* ViewController.swift */,
				BB8BBB9C29FFA1D4006E8458 /* Main.storyboard */,
				BB8BBB9F29FFA1D6006E8458 /* Assets.xcassets */,
				BB8BBBA129FFA1D6006E8458 /* LaunchScreen.storyboard */,
				BB8BBBA429FFA1D6006E8458 /* Info.plist */,
			);
			path = ResearchWindow;
			sourceTree = "<group>";
		};
/* End PBXGroup section */

/* Begin PBXNativeTarget section */
		BB8BBB9229FFA1D4006E8458 /* ResearchWindow */ = {
			isa = PBXNativeTarget;
			buildConfigurationList = BB8BBBA729FFA1D6006E8458 /* Build configuration list for PBXNativeTarget "ResearchWindow" */;
			buildPhases = (
				BB8BBB8F29FFA1D4006E8458 /* Sources */,
				BB8BBB9029FFA1D4006E8458 /* Frameworks */,
				BB8BBB9129FFA1D4006E8458 /* Resources */,
			);
			buildRules = (
			);
			dependencies = (
			);
			name = ResearchWindow;
			productName = ResearchWindow;
			productReference = BB8BBB9329FFA1D4006E8458 /* ResearchWindow.app */;
			productType = "com.apple.product-type.application";
		};
/* End PBXNativeTarget section */

/* Begin PBXProject section */
		BB8BBB8B29FFA1D4006E8458 /* Project object */ = {
			isa = PBXProject;
			attributes = {
				BuildIndependentTargetsInParallel = 1;
				LastSwiftUpdateCheck = 1420;
				LastUpgradeCheck = 1420;
				TargetAttributes = {
					BB8BBB9229FFA1D4006E8458 = {
						CreatedOnToolsVersion = 14.2;
					};
				};
			};
			buildConfigurationList = BB8BBB8E29FFA1D4006E8458 /* Build configuration list for PBXProject "ResearchWindow" */;
			compatibilityVersion = "Xcode 14.0";
			developmentRegion = en;
			hasScannedForEncodings = 0;
			knownRegions = (
				en,
				Base,
			);
			mainGroup = BB8BBB8A29FFA1D4006E8458;
			productRefGroup = BB8BBB9429FFA1D4006E8458 /* Products */;
			projectDirPath = "";
			projectRoot = "";
			targets = (
				BB8BBB9229FFA1D4006E8458 /* ResearchWindow */,
			);
		};
/* End PBXProject section */

/* Begin PBXResourcesBuildPhase section */
		BB8BBB9129FFA1D4006E8458 /* Resources */ = {
			isa = PBXResourcesBuildPhase;
			buildActionMask = 2147483647;
			files = (
				BB0A11DE29FFA321001E7C1F /* Temp.storyboard in Resources */,
				BB8BBBA329FFA1D6006E8458 /* LaunchScreen.storyboard in Resources */,
				BB8BBBA029FFA1D6006E8458 /* Assets.xcassets in Resources */,
				BB8BBB9E29FFA1D4006E8458 /* Main.storyboard in Resources */,
			);
			runOnlyForDeploymentPostprocessing = 0;
		};
/* End PBXResourcesBuildPhase section */

/* Begin PBXSourcesBuildPhase section */
		BB8BBB8F29FFA1D4006E8458 /* Sources */ = {
			isa = PBXSourcesBuildPhase;
			buildActionMask = 2147483647;
			files = (
				BB8BBB9B29FFA1D4006E8458 /* ViewController.swift in Sources */,
				BB8BBB9729FFA1D4006E8458 /* AppDelegate.swift in Sources */,
				BB8BBB9929FFA1D4006E8458 /* SceneDelegate.swift in Sources */,
			);
			runOnlyForDeploymentPostprocessing = 0;
		};
/* End PBXSourcesBuildPhase section */

/* Begin PBXVariantGroup section */
		BB8BBB9C29FFA1D4006E8458 /* Main.storyboard */ = {
			isa = PBXVariantGroup;
			children = (
				BB8BBB9D29FFA1D4006E8458 /* Base */,
			);
			name = Main.storyboard;
			sourceTree = "<group>";
		};
		BB8BBBA129FFA1D6006E8458 /* LaunchScreen.storyboard */ = {
			isa = PBXVariantGroup;
			children = (
				BB8BBBA229FFA1D6006E8458 /* Base */,
			);
			name = LaunchScreen.storyboard;
			sourceTree = "<group>";
		};
/* End PBXVariantGroup section */

/* Begin XCBuildConfiguration section */
		BB8BBBA529FFA1D6006E8458 /* Debug */ = {
			isa = XCBuildConfiguration;
			buildSettings = {
				ALWAYS_SEARCH_USER_PATHS = NO;
				CLANG_ANALYZER_NONNULL = YES;
				CLANG_ANALYZER_NUMBER_OBJECT_CONVERSION = YES_AGGRESSIVE;
				CLANG_CXX_LANGUAGE_STANDARD = "gnu++20";
				CLANG_ENABLE_MODULES = YES;
				CLANG_ENABLE_OBJC_ARC = YES;
				CLANG_ENABLE_OBJC_WEAK = YES;
				CLANG_WARN_BLOCK_CAPTURE_AUTORELEASING = YES;
				CLANG_WARN_BOOL_CONVERSION = YES;
				CLANG_WARN_COMMA = YES;
				CLANG_WARN_CONSTANT_CONVERSION = YES;
				CLANG_WARN_DEPRECATED_OBJC_IMPLEMENTATIONS = YES;
				CLANG_WARN_DIRECT_OBJC_ISA_USAGE = YES_ERROR;
				CLANG_WARN_DOCUMENTATION_COMMENTS = YES;
				CLANG_WARN_EMPTY_BODY = YES;
				CLANG_WARN_ENUM_CONVERSION = YES;
				CLANG_WARN_INFINITE_RECURSION = YES;
				CLANG_WARN_INT_CONVERSION = YES;
				CLANG_WARN_NON_LITERAL_NULL_CONVERSION = YES;
				CLANG_WARN_OBJC_IMPLICIT_RETAIN_SELF = YES;
				CLANG_WARN_OBJC_LITERAL_CONVERSION = YES;
				CLANG_WARN_OBJC_ROOT_CLASS = YES_ERROR;
				CLANG_WARN_QUOTED_INCLUDE_IN_FRAMEWORK_HEADER = YES;
				CLANG_WARN_RANGE_LOOP_ANALYSIS = YES;
				CLANG_WARN_STRICT_PROTOTYPES = YES;
				CLANG_WARN_SUSPICIOUS_MOVE = YES;
				CLANG_WARN_UNGUARDED_AVAILABILITY = YES_AGGRESSIVE;
				CLANG_WARN_UNREACHABLE_CODE = YES;
				CLANG_WARN__DUPLICATE_METHOD_MATCH = YES;
				COPY_PHASE_STRIP = NO;
				DEBUG_INFORMATION_FORMAT = dwarf;
				ENABLE_STRICT_OBJC_MSGSEND = YES;
				ENABLE_TESTABILITY = YES;
				GCC_C_LANGUAGE_STANDARD = gnu11;
				GCC_DYNAMIC_NO_PIC = NO;
				GCC_NO_COMMON_BLOCKS = YES;
				GCC_OPTIMIZATION_LEVEL = 0;
				GCC_PREPROCESSOR_DEFINITIONS = (
					"DEBUG=1",
					"$(inherited)",
				);
				GCC_WARN_64_TO_32_BIT_CONVERSION = YES;
				GCC_WARN_ABOUT_RETURN_TYPE = YES_ERROR;
				GCC_WARN_UNDECLARED_SELECTOR = YES;
				GCC_WARN_UNINITIALIZED_AUTOS = YES_AGGRESSIVE;
				GCC_WARN_UNUSED_FUNCTION = YES;
				GCC_WARN_UNUSED_VARIABLE = YES;
				IPHONEOS_DEPLOYMENT_TARGET = 16.2;
				MTL_ENABLE_DEBUG_INFO = INCLUDE_SOURCE;
				MTL_FAST_MATH = YES;
				ONLY_ACTIVE_ARCH = YES;
				SDKROOT = iphoneos;
				SWIFT_ACTIVE_COMPILATION_CONDITIONS = DEBUG;
				SWIFT_OPTIMIZATION_LEVEL = "-Onone";
			};
			name = Debug;
		};
		BB8BBBA629FFA1D6006E8458 /* Release */ = {
			isa = XCBuildConfiguration;
			buildSettings = {
				ALWAYS_SEARCH_USER_PATHS = NO;
				CLANG_ANALYZER_NONNULL = YES;
				CLANG_ANALYZER_NUMBER_OBJECT_CONVERSION = YES_AGGRESSIVE;
				CLANG_CXX_LANGUAGE_STANDARD = "gnu++20";
				CLANG_ENABLE_MODULES = YES;
				CLANG_ENABLE_OBJC_ARC = YES;
				CLANG_ENABLE_OBJC_WEAK = YES;
				CLANG_WARN_BLOCK_CAPTURE_AUTORELEASING = YES;
				CLANG_WARN_BOOL_CONVERSION = YES;
				CLANG_WARN_COMMA = YES;
				CLANG_WARN_CONSTANT_CONVERSION = YES;
				CLANG_WARN_DEPRECATED_OBJC_IMPLEMENTATIONS = YES;
				CLANG_WARN_DIRECT_OBJC_ISA_USAGE = YES_ERROR;
				CLANG_WARN_DOCUMENTATION_COMMENTS = YES;
				CLANG_WARN_EMPTY_BODY = YES;
				CLANG_WARN_ENUM_CONVERSION = YES;
				CLANG_WARN_INFINITE_RECURSION = YES;
				CLANG_WARN_INT_CONVERSION = YES;
				CLANG_WARN_NON_LITERAL_NULL_CONVERSION = YES;
				CLANG_WARN_OBJC_IMPLICIT_RETAIN_SELF = YES;
				CLANG_WARN_OBJC_LITERAL_CONVERSION = YES;
				CLANG_WARN_OBJC_ROOT_CLASS = YES_ERROR;
				CLANG_WARN_QUOTED_INCLUDE_IN_FRAMEWORK_HEADER = YES;
				CLANG_WARN_RANGE_LOOP_ANALYSIS = YES;
				CLANG_WARN_STRICT_PROTOTYPES = YES;
				CLANG_WARN_SUSPICIOUS_MOVE = YES;
				CLANG_WARN_UNGUARDED_AVAILABILITY = YES_AGGRESSIVE;
				CLANG_WARN_UNREACHABLE_CODE = YES;
				CLANG_WARN__DUPLICATE_METHOD_MATCH = YES;
				COPY_PHASE_STRIP = NO;
				DEBUG_INFORMATION_FORMAT = "dwarf-with-dsym";
				ENABLE_NS_ASSERTIONS = NO;
				ENABLE_STRICT_OBJC_MSGSEND = YES;
				GCC_C_LANGUAGE_STANDARD = gnu11;
				GCC_NO_COMMON_BLOCKS = YES;
				GCC_WARN_64_TO_32_BIT_CONVERSION = YES;
				GCC_WARN_ABOUT_RETURN_TYPE = YES_ERROR;
				GCC_WARN_UNDECLARED_SELECTOR = YES;
				GCC_WARN_UNINITIALIZED_AUTOS = YES_AGGRESSIVE;
				GCC_WARN_UNUSED_FUNCTION = YES;
				GCC_WARN_UNUSED_VARIABLE = YES;
				IPHONEOS_DEPLOYMENT_TARGET = 16.2;
				MTL_ENABLE_DEBUG_INFO = NO;
				MTL_FAST_MATH = YES;
				SDKROOT = iphoneos;
				SWIFT_COMPILATION_MODE = wholemodule;
				SWIFT_OPTIMIZATION_LEVEL = "-O";
				VALIDATE_PRODUCT = YES;
			};
			name = Release;
		};
		BB8BBBA829FFA1D6006E8458 /* Debug */ = {
			isa = XCBuildConfiguration;
			buildSettings = {
				ASSETCATALOG_COMPILER_APPICON_NAME = AppIcon;
				ASSETCATALOG_COMPILER_GLOBAL_ACCENT_COLOR_NAME = AccentColor;
				CODE_SIGN_STYLE = Automatic;
				CURRENT_PROJECT_VERSION = 1;
				DEVELOPMENT_TEAM = J8Q9RVDNSG;
				GENERATE_INFOPLIST_FILE = YES;
				INFOPLIST_FILE = ResearchWindow/Info.plist;
				INFOPLIST_KEY_UIApplicationSupportsIndirectInputEvents = YES;
				INFOPLIST_KEY_UILaunchStoryboardName = LaunchScreen;
				INFOPLIST_KEY_UIMainStoryboardFile = Main;
				INFOPLIST_KEY_UISupportedInterfaceOrientations_iPad = "UIInterfaceOrientationPortrait UIInterfaceOrientationPortraitUpsideDown UIInterfaceOrientationLandscapeLeft UIInterfaceOrientationLandscapeRight";
				INFOPLIST_KEY_UISupportedInterfaceOrientations_iPhone = "UIInterfaceOrientationPortrait UIInterfaceOrientationLandscapeLeft UIInterfaceOrientationLandscapeRight";
				LD_RUNPATH_SEARCH_PATHS = (
					"$(inherited)",
					"@executable_path/Frameworks",
				);
				MARKETING_VERSION = 1.0;
				PRODUCT_BUNDLE_IDENTIFIER = com.ushisantoasobu.ResearchWindow;
				PRODUCT_NAME = "$(TARGET_NAME)";
				SWIFT_EMIT_LOC_STRINGS = YES;
				SWIFT_VERSION = 5.0;
				TARGETED_DEVICE_FAMILY = "1,2";
			};
			name = Debug;
		};
		BB8BBBA929FFA1D6006E8458 /* Release */ = {
			isa = XCBuildConfiguration;
			buildSettings = {
				ASSETCATALOG_COMPILER_APPICON_NAME = AppIcon;
				ASSETCATALOG_COMPILER_GLOBAL_ACCENT_COLOR_NAME = AccentColor;
				CODE_SIGN_STYLE = Automatic;
				CURRENT_PROJECT_VERSION = 1;
				DEVELOPMENT_TEAM = J8Q9RVDNSG;
				GENERATE_INFOPLIST_FILE = YES;
				INFOPLIST_FILE = ResearchWindow/Info.plist;
				INFOPLIST_KEY_UIApplicationSupportsIndirectInputEvents = YES;
				INFOPLIST_KEY_UILaunchStoryboardName = LaunchScreen;
				INFOPLIST_KEY_UIMainStoryboardFile = Main;
				INFOPLIST_KEY_UISupportedInterfaceOrientations_iPad = "UIInterfaceOrientationPortrait UIInterfaceOrientationPortraitUpsideDown UIInterfaceOrientationLandscapeLeft UIInterfaceOrientationLandscapeRight";
				INFOPLIST_KEY_UISupportedInterfaceOrientations_iPhone = "UIInterfaceOrientationPortrait UIInterfaceOrientationLandscapeLeft UIInterfaceOrientationLandscapeRight";
				LD_RUNPATH_SEARCH_PATHS = (
					"$(inherited)",
					"@executable_path/Frameworks",
				);
				MARKETING_VERSION = 1.0;
				PRODUCT_BUNDLE_IDENTIFIER = com.ushisantoasobu.ResearchWindow;
				PRODUCT_NAME = "$(TARGET_NAME)";
				SWIFT_EMIT_LOC_STRINGS = YES;
				SWIFT_VERSION = 5.0;
				TARGETED_DEVICE_FAMILY = "1,2";
			};
			name = Release;
		};
/* End XCBuildConfiguration section */

/* Begin XCConfigurationList section */
		BB8BBB8E29FFA1D4006E8458 /* Build configuration list for PBXProject "ResearchWindow" */ = {
			isa = XCConfigurationList;
			buildConfigurations = (
				BB8BBBA529FFA1D6006E8458 /* Debug */,
				BB8BBBA629FFA1D6006E8458 /* Release */,
			);
			defaultConfigurationIsVisible = 0;
			defaultConfigurationName = Release;
		};
		BB8BBBA729FFA1D6006E8458 /* Build configuration list for PBXNativeTarget "ResearchWindow" */ = {
			isa = XCConfigurationList;
			buildConfigurations = (
				BB8BBBA829FFA1D6006E8458 /* Debug */,
				BB8BBBA929FFA1D6006E8458 /* Release */,
			);
			defaultConfigurationIsVisible = 0;
			defaultConfigurationName = Release;
		};
/* End XCConfigurationList section */
	};
	rootObject = BB8BBB8B29FFA1D4006E8458 /* Project object */;
}
