// !$*UTF8*$!
{
	archiveVersion = 1;
	classes = {
	};
	objectVersion = 56;
	objects = {

/* Begin PBXBuildFile section */
		BBC0855F29DAA31B0067B76B /* TryPackageSwiftApp.swift in Sources */ = {isa = PBXBuildFile; fileRef = BBC0855E29DAA31B0067B76B /* TryPackageSwiftApp.swift */; };
		BBC0856129DAA31B0067B76B /* ContentView.swift in Sources */ = {isa = PBXBuildFile; fileRef = BBC0856029DAA31B0067B76B /* ContentView.swift */; };
		BBC0856329DAA31D0067B76B /* Assets.xcassets in Resources */ = {isa = PBXBuildFile; fileRef = BBC0856229DAA31D0067B76B /* Assets.xcassets */; };
		BBC0856629DAA31D0067B76B /* Preview Assets.xcassets in Resources */ = {isa = PBXBuildFile; fileRef = BBC0856529DAA31D0067B76B /* Preview Assets.xcassets */; };
/* End PBXBuildFile section */

/* Begin PBXContainerItemProxy section */
		BBC0857429DAB0280067B76B /* PBXContainerItemProxy */ = {
			isa = PBXContainerItemProxy;
			containerPortal = BBC0856C29DAB0280067B76B /* libraries.xcodeproj */;
			proxyType = 2;
			remoteGlobalIDString = "mcemojipicker::MCEmojiPicker::Product";
			remoteInfo = MCEmojiPicker;
		};
		BBC0857629DAB0280067B76B /* PBXContainerItemProxy */ = {
			isa = PBXContainerItemProxy;
			containerPortal = BBC0856C29DAB0280067B76B /* libraries.xcodeproj */;
			proxyType = 2;
			remoteGlobalIDString = "libraries::libraries::Product";
			remoteInfo = libraries;
		};
/* End PBXContainerItemProxy section */

/* Begin PBXFileReference section */
		BBC0855B29DAA31B0067B76B /* TryPackageSwift.app */ = {isa = PBXFileReference; explicitFileType = wrapper.application; includeInIndex = 0; path = TryPackageSwift.app; sourceTree = BUILT_PRODUCTS_DIR; };
		BBC0855E29DAA31B0067B76B /* TryPackageSwiftApp.swift */ = {isa = PBXFileReference; lastKnownFileType = sourcecode.swift; path = TryPackageSwiftApp.swift; sourceTree = "<group>"; };
		BBC0856029DAA31B0067B76B /* ContentView.swift */ = {isa = PBXFileReference; lastKnownFileType = sourcecode.swift; path = ContentView.swift; sourceTree = "<group>"; };
		BBC0856229DAA31D0067B76B /* Assets.xcassets */ = {isa = PBXFileReference; lastKnownFileType = folder.assetcatalog; path = Assets.xcassets; sourceTree = "<group>"; };
		BBC0856529DAA31D0067B76B /* Preview Assets.xcassets */ = {isa = PBXFileReference; lastKnownFileType = folder.assetcatalog; path = "Preview Assets.xcassets"; sourceTree = "<group>"; };
		BBC0856C29DAB0280067B76B /* libraries.xcodeproj */ = {isa = PBXFileReference; lastKnownFileType = "wrapper.pb-project"; name = libraries.xcodeproj; path = "../../../andpad/andpad-blueprint-ios/libraries/libraries.xcodeproj"; sourceTree = "<group>"; };
/* End PBXFileReference section */

/* Begin PBXFrameworksBuildPhase section */
		BBC0855829DAA31B0067B76B /* Frameworks */ = {
			isa = PBXFrameworksBuildPhase;
			buildActionMask = 2147483647;
			files = (
			);
			runOnlyForDeploymentPostprocessing = 0;
		};
/* End PBXFrameworksBuildPhase section */

/* Begin PBXGroup section */
		BBC0855229DAA31B0067B76B = {
			isa = PBXGroup;
			children = (
				BBC0856C29DAB0280067B76B /* libraries.xcodeproj */,
				BBC0855D29DAA31B0067B76B /* TryPackageSwift */,
				BBC0855C29DAA31B0067B76B /* Products */,
			);
			sourceTree = "<group>";
		};
		BBC0855C29DAA31B0067B76B /* Products */ = {
			isa = PBXGroup;
			children = (
				BBC0855B29DAA31B0067B76B /* TryPackageSwift.app */,
			);
			name = Products;
			sourceTree = "<group>";
		};
		BBC0855D29DAA31B0067B76B /* TryPackageSwift */ = {
			isa = PBXGroup;
			children = (
				BBC0855E29DAA31B0067B76B /* TryPackageSwiftApp.swift */,
				BBC0856029DAA31B0067B76B /* ContentView.swift */,
				BBC0856229DAA31D0067B76B /* Assets.xcassets */,
				BBC0856429DAA31D0067B76B /* Preview Content */,
			);
			path = TryPackageSwift;
			sourceTree = "<group>";
		};
		BBC0856429DAA31D0067B76B /* Preview Content */ = {
			isa = PBXGroup;
			children = (
				BBC0856529DAA31D0067B76B /* Preview Assets.xcassets */,
			);
			path = "Preview Content";
			sourceTree = "<group>";
		};
		BBC0856D29DAB0280067B76B /* Products */ = {
			isa = PBXGroup;
			children = (
				BBC0857529DAB0280067B76B /* MCEmojiPicker.framework */,
				BBC0857729DAB0280067B76B /* libraries.framework */,
			);
			name = Products;
			sourceTree = "<group>";
		};
/* End PBXGroup section */

/* Begin PBXNativeTarget section */
		BBC0855A29DAA31B0067B76B /* TryPackageSwift */ = {
			isa = PBXNativeTarget;
			buildConfigurationList = BBC0856929DAA31D0067B76B /* Build configuration list for PBXNativeTarget "TryPackageSwift" */;
			buildPhases = (
				BBC0855729DAA31B0067B76B /* Sources */,
				BBC0855829DAA31B0067B76B /* Frameworks */,
				BBC0855929DAA31B0067B76B /* Resources */,
			);
			buildRules = (
			);
			dependencies = (
			);
			name = TryPackageSwift;
			productName = TryPackageSwift;
			productReference = BBC0855B29DAA31B0067B76B /* TryPackageSwift.app */;
			productType = "com.apple.product-type.application";
		};
/* End PBXNativeTarget section */

/* Begin PBXProject section */
		BBC0855329DAA31B0067B76B /* Project object */ = {
			isa = PBXProject;
			attributes = {
				BuildIndependentTargetsInParallel = 1;
				LastSwiftUpdateCheck = 1420;
				LastUpgradeCheck = 1420;
				TargetAttributes = {
					BBC0855A29DAA31B0067B76B = {
						CreatedOnToolsVersion = 14.2;
					};
				};
			};
			buildConfigurationList = BBC0855629DAA31B0067B76B /* Build configuration list for PBXProject "TryPackageSwift" */;
			compatibilityVersion = "Xcode 14.0";
			developmentRegion = en;
			hasScannedForEncodings = 0;
			knownRegions = (
				en,
				Base,
			);
			mainGroup = BBC0855229DAA31B0067B76B;
			productRefGroup = BBC0855C29DAA31B0067B76B /* Products */;
			projectDirPath = "";
			projectReferences = (
				{
					ProductGroup = BBC0856D29DAB0280067B76B /* Products */;
					ProjectRef = BBC0856C29DAB0280067B76B /* libraries.xcodeproj */;
				},
			);
			projectRoot = "";
			targets = (
				BBC0855A29DAA31B0067B76B /* TryPackageSwift */,
			);
		};
/* End PBXProject section */

/* Begin PBXReferenceProxy section */
		BBC0857529DAB0280067B76B /* MCEmojiPicker.framework */ = {
			isa = PBXReferenceProxy;
			fileType = wrapper.framework;
			path = MCEmojiPicker.framework;
			remoteRef = BBC0857429DAB0280067B76B /* PBXContainerItemProxy */;
			sourceTree = BUILT_PRODUCTS_DIR;
		};
		BBC0857729DAB0280067B76B /* libraries.framework */ = {
			isa = PBXReferenceProxy;
			fileType = wrapper.framework;
			path = libraries.framework;
			remoteRef = BBC0857629DAB0280067B76B /* PBXContainerItemProxy */;
			sourceTree = BUILT_PRODUCTS_DIR;
		};
/* End PBXReferenceProxy section */

/* Begin PBXResourcesBuildPhase section */
		BBC0855929DAA31B0067B76B /* Resources */ = {
			isa = PBXResourcesBuildPhase;
			buildActionMask = 2147483647;
			files = (
				BBC0856629DAA31D0067B76B /* Preview Assets.xcassets in Resources */,
				BBC0856329DAA31D0067B76B /* Assets.xcassets in Resources */,
			);
			runOnlyForDeploymentPostprocessing = 0;
		};
/* End PBXResourcesBuildPhase section */

/* Begin PBXSourcesBuildPhase section */
		BBC0855729DAA31B0067B76B /* Sources */ = {
			isa = PBXSourcesBuildPhase;
			buildActionMask = 2147483647;
			files = (
				BBC0856129DAA31B0067B76B /* ContentView.swift in Sources */,
				BBC0855F29DAA31B0067B76B /* TryPackageSwiftApp.swift in Sources */,
			);
			runOnlyForDeploymentPostprocessing = 0;
		};
/* End PBXSourcesBuildPhase section */

/* Begin XCBuildConfiguration section */
		BBC0856729DAA31D0067B76B /* Debug */ = {
			isa = XCBuildConfiguration;
			buildSettings = {
				ALWAYS_SEARCH_USER_PATHS = NO;
				CLANG_ANALYZER_NONNULL = YES;
				CLANG_ANALYZER_NUMBER_OBJECT_CONVERSION = YES_AGGRESSIVE;
				CLANG_CXX_LANGUAGE_STANDARD = "gnu++20";
				CLANG_ENABLE_MODULES = YES;
				CLANG_ENABLE_OBJC_ARC = YES;
				CLANG_ENABLE_OBJC_WEAK = YES;
				CLANG_WARN_BLOCK_CAPTURE_AUTORELEASING = YES;
				CLANG_WARN_BOOL_CONVERSION = YES;
				CLANG_WARN_COMMA = YES;
				CLANG_WARN_CONSTANT_CONVERSION = YES;
				CLANG_WARN_DEPRECATED_OBJC_IMPLEMENTATIONS = YES;
				CLANG_WARN_DIRECT_OBJC_ISA_USAGE = YES_ERROR;
				CLANG_WARN_DOCUMENTATION_COMMENTS = YES;
				CLANG_WARN_EMPTY_BODY = YES;
				CLANG_WARN_ENUM_CONVERSION = YES;
				CLANG_WARN_INFINITE_RECURSION = YES;
				CLANG_WARN_INT_CONVERSION = YES;
				CLANG_WARN_NON_LITERAL_NULL_CONVERSION = YES;
				CLANG_WARN_OBJC_IMPLICIT_RETAIN_SELF = YES;
				CLANG_WARN_OBJC_LITERAL_CONVERSION = YES;
				CLANG_WARN_OBJC_ROOT_CLASS = YES_ERROR;
				CLANG_WARN_QUOTED_INCLUDE_IN_FRAMEWORK_HEADER = YES;
				CLANG_WARN_RANGE_LOOP_ANALYSIS = YES;
				CLANG_WARN_STRICT_PROTOTYPES = YES;
				CLANG_WARN_SUSPICIOUS_MOVE = YES;
				CLANG_WARN_UNGUARDED_AVAILABILITY = YES_AGGRESSIVE;
				CLANG_WARN_UNREACHABLE_CODE = YES;
				CLANG_WARN__DUPLICATE_METHOD_MATCH = YES;
				COPY_PHASE_STRIP = NO;
				DEBUG_INFORMATION_FORMAT = dwarf;
				ENABLE_STRICT_OBJC_MSGSEND = YES;
				ENABLE_TESTABILITY = YES;
				GCC_C_LANGUAGE_STANDARD = gnu11;
				GCC_DYNAMIC_NO_PIC = NO;
				GCC_NO_COMMON_BLOCKS = YES;
				GCC_OPTIMIZATION_LEVEL = 0;
				GCC_PREPROCESSOR_DEFINITIONS = (
					"DEBUG=1",
					"$(inherited)",
				);
				GCC_WARN_64_TO_32_BIT_CONVERSION = YES;
				GCC_WARN_ABOUT_RETURN_TYPE = YES_ERROR;
				GCC_WARN_UNDECLARED_SELECTOR = YES;
				GCC_WARN_UNINITIALIZED_AUTOS = YES_AGGRESSIVE;
				GCC_WARN_UNUSED_FUNCTION = YES;
				GCC_WARN_UNUSED_VARIABLE = YES;
				IPHONEOS_DEPLOYMENT_TARGET = 16.2;
				MTL_ENABLE_DEBUG_INFO = INCLUDE_SOURCE;
				MTL_FAST_MATH = YES;
				ONLY_ACTIVE_ARCH = YES;
				SDKROOT = iphoneos;
				SWIFT_ACTIVE_COMPILATION_CONDITIONS = DEBUG;
				SWIFT_OPTIMIZATION_LEVEL = "-Onone";
			};
			name = Debug;
		};
		BBC0856829DAA31D0067B76B /* Release */ = {
			isa = XCBuildConfiguration;
			buildSettings = {
				ALWAYS_SEARCH_USER_PATHS = NO;
				CLANG_ANALYZER_NONNULL = YES;
				CLANG_ANALYZER_NUMBER_OBJECT_CONVERSION = YES_AGGRESSIVE;
				CLANG_CXX_LANGUAGE_STANDARD = "gnu++20";
				CLANG_ENABLE_MODULES = YES;
				CLANG_ENABLE_OBJC_ARC = YES;
				CLANG_ENABLE_OBJC_WEAK = YES;
				CLANG_WARN_BLOCK_CAPTURE_AUTORELEASING = YES;
				CLANG_WARN_BOOL_CONVERSION = YES;
				CLANG_WARN_COMMA = YES;
				CLANG_WARN_CONSTANT_CONVERSION = YES;
				CLANG_WARN_DEPRECATED_OBJC_IMPLEMENTATIONS = YES;
				CLANG_WARN_DIRECT_OBJC_ISA_USAGE = YES_ERROR;
				CLANG_WARN_DOCUMENTATION_COMMENTS = YES;
				CLANG_WARN_EMPTY_BODY = YES;
				CLANG_WARN_ENUM_CONVERSION = YES;
				CLANG_WARN_INFINITE_RECURSION = YES;
				CLANG_WARN_INT_CONVERSION = YES;
				CLANG_WARN_NON_LITERAL_NULL_CONVERSION = YES;
				CLANG_WARN_OBJC_IMPLICIT_RETAIN_SELF = YES;
				CLANG_WARN_OBJC_LITERAL_CONVERSION = YES;
				CLANG_WARN_OBJC_ROOT_CLASS = YES_ERROR;
				CLANG_WARN_QUOTED_INCLUDE_IN_FRAMEWORK_HEADER = YES;
				CLANG_WARN_RANGE_LOOP_ANALYSIS = YES;
				CLANG_WARN_STRICT_PROTOTYPES = YES;
				CLANG_WARN_SUSPICIOUS_MOVE = YES;
				CLANG_WARN_UNGUARDED_AVAILABILITY = YES_AGGRESSIVE;
				CLANG_WARN_UNREACHABLE_CODE = YES;
				CLANG_WARN__DUPLICATE_METHOD_MATCH = YES;
				COPY_PHASE_STRIP = NO;
				DEBUG_INFORMATION_FORMAT = "dwarf-with-dsym";
				ENABLE_NS_ASSERTIONS = NO;
				ENABLE_STRICT_OBJC_MSGSEND = YES;
				GCC_C_LANGUAGE_STANDARD = gnu11;
				GCC_NO_COMMON_BLOCKS = YES;
				GCC_WARN_64_TO_32_BIT_CONVERSION = YES;
				GCC_WARN_ABOUT_RETURN_TYPE = YES_ERROR;
				GCC_WARN_UNDECLARED_SELECTOR = YES;
				GCC_WARN_UNINITIALIZED_AUTOS = YES_AGGRESSIVE;
				GCC_WARN_UNUSED_FUNCTION = YES;
				GCC_WARN_UNUSED_VARIABLE = YES;
				IPHONEOS_DEPLOYMENT_TARGET = 16.2;
				MTL_ENABLE_DEBUG_INFO = NO;
				MTL_FAST_MATH = YES;
				SDKROOT = iphoneos;
				SWIFT_COMPILATION_MODE = wholemodule;
				SWIFT_OPTIMIZATION_LEVEL = "-O";
				VALIDATE_PRODUCT = YES;
			};
			name = Release;
		};
		BBC0856A29DAA31D0067B76B /* Debug */ = {
			isa = XCBuildConfiguration;
			buildSettings = {
				ASSETCATALOG_COMPILER_APPICON_NAME = AppIcon;
				ASSETCATALOG_COMPILER_GLOBAL_ACCENT_COLOR_NAME = AccentColor;
				CODE_SIGN_STYLE = Automatic;
				CURRENT_PROJECT_VERSION = 1;
				DEVELOPMENT_ASSET_PATHS = "\"TryPackageSwift/Preview Content\"";
				DEVELOPMENT_TEAM = J8Q9RVDNSG;
				ENABLE_PREVIEWS = YES;
				GENERATE_INFOPLIST_FILE = YES;
				INFOPLIST_KEY_UIApplicationSceneManifest_Generation = YES;
				INFOPLIST_KEY_UIApplicationSupportsIndirectInputEvents = YES;
				INFOPLIST_KEY_UILaunchScreen_Generation = YES;
				INFOPLIST_KEY_UISupportedInterfaceOrientations_iPad = "UIInterfaceOrientationPortrait UIInterfaceOrientationPortraitUpsideDown UIInterfaceOrientationLandscapeLeft UIInterfaceOrientationLandscapeRight";
				INFOPLIST_KEY_UISupportedInterfaceOrientations_iPhone = "UIInterfaceOrientationPortrait UIInterfaceOrientationLandscapeLeft UIInterfaceOrientationLandscapeRight";
				LD_RUNPATH_SEARCH_PATHS = (
					"$(inherited)",
					"@executable_path/Frameworks",
				);
				MARKETING_VERSION = 1.0;
				PRODUCT_BUNDLE_IDENTIFIER = com.ushisantoasobu.TryPackageSwift;
				PRODUCT_NAME = "$(TARGET_NAME)";
				SWIFT_EMIT_LOC_STRINGS = YES;
				SWIFT_VERSION = 5.0;
				TARGETED_DEVICE_FAMILY = "1,2";
			};
			name = Debug;
		};
		BBC0856B29DAA31D0067B76B /* Release */ = {
			isa = XCBuildConfiguration;
			buildSettings = {
				ASSETCATALOG_COMPILER_APPICON_NAME = AppIcon;
				ASSETCATALOG_COMPILER_GLOBAL_ACCENT_COLOR_NAME = AccentColor;
				CODE_SIGN_STYLE = Automatic;
				CURRENT_PROJECT_VERSION = 1;
				DEVELOPMENT_ASSET_PATHS = "\"TryPackageSwift/Preview Content\"";
				DEVELOPMENT_TEAM = J8Q9RVDNSG;
				ENABLE_PREVIEWS = YES;
				GENERATE_INFOPLIST_FILE = YES;
				INFOPLIST_KEY_UIApplicationSceneManifest_Generation = YES;
				INFOPLIST_KEY_UIApplicationSupportsIndirectInputEvents = YES;
				INFOPLIST_KEY_UILaunchScreen_Generation = YES;
				INFOPLIST_KEY_UISupportedInterfaceOrientations_iPad = "UIInterfaceOrientationPortrait UIInterfaceOrientationPortraitUpsideDown UIInterfaceOrientationLandscapeLeft UIInterfaceOrientationLandscapeRight";
				INFOPLIST_KEY_UISupportedInterfaceOrientations_iPhone = "UIInterfaceOrientationPortrait UIInterfaceOrientationLandscapeLeft UIInterfaceOrientationLandscapeRight";
				LD_RUNPATH_SEARCH_PATHS = (
					"$(inherited)",
					"@executable_path/Frameworks",
				);
				MARKETING_VERSION = 1.0;
				PRODUCT_BUNDLE_IDENTIFIER = com.ushisantoasobu.TryPackageSwift;
				PRODUCT_NAME = "$(TARGET_NAME)";
				SWIFT_EMIT_LOC_STRINGS = YES;
				SWIFT_VERSION = 5.0;
				TARGETED_DEVICE_FAMILY = "1,2";
			};
			name = Release;
		};
/* End XCBuildConfiguration section */

/* Begin XCConfigurationList section */
		BBC0855629DAA31B0067B76B /* Build configuration list for PBXProject "TryPackageSwift" */ = {
			isa = XCConfigurationList;
			buildConfigurations = (
				BBC0856729DAA31D0067B76B /* Debug */,
				BBC0856829DAA31D0067B76B /* Release */,
			);
			defaultConfigurationIsVisible = 0;
			defaultConfigurationName = Release;
		};
		BBC0856929DAA31D0067B76B /* Build configuration list for PBXNativeTarget "TryPackageSwift" */ = {
			isa = XCConfigurationList;
			buildConfigurations = (
				BBC0856A29DAA31D0067B76B /* Debug */,
				BBC0856B29DAA31D0067B76B /* Release */,
			);
			defaultConfigurationIsVisible = 0;
			defaultConfigurationName = Release;
		};
/* End XCConfigurationList section */
	};
	rootObject = BBC0855329DAA31B0067B76B /* Project object */;
}
